
Microsoft Visual Studio Solution File, Format Version 12.00
# Visual Studio Version 17
VisualStudioVersion = 17.8.34330.188
MinimumVisualStudioVersion = 10.0.40219.1
Project("{FAE04EC0-301F-11D3-BF4B-00C04F79EFBC}") = "CSharpFundamentals", "CSharpFundamentals\CSharpFundamentals.csproj", "{795F0A0A-DC99-48DE-85DA-9A4B8D3A967B}"
EndProject
Global
	GlobalSection(SolutionConfigurationPlatforms) = preSolution
		Debug|Any CPU = Debug|Any CPU
		Release|Any CPU = Release|Any CPU
	EndGlobalSection
	GlobalSection(ProjectConfigurationPlatforms) = postSolution
		{795F0A0A-DC99-48DE-85DA-9A4B8D3A967B}.Debug|Any CPU.ActiveCfg = Debug|Any CPU
		{795F0A0A-DC99-48DE-85DA-9A4B8D3A967B}.Debug|Any CPU.Build.0 = Debug|Any CPU
		{795F0A0A-DC99-48DE-85DA-9A4B8D3A967B}.Release|Any CPU.ActiveCfg = Release|Any CPU
		{795F0A0A-DC99-48DE-85DA-9A4B8D3A967B}.Release|Any CPU.Build.0 = Release|Any CPU
	EndGlobalSection
	GlobalSection(SolutionProperties) = preSolution
		HideSolutionNode = FALSE
	EndGlobalSection
	GlobalSection(ExtensibilityGlobals) = postSolution
		SolutionGuid = {BC85DFC2-80B5-44AE-9E6C-37868F466886}
	EndGlobalSection
EndGlobal
