
Microsoft Visual Studio Solution File, Format Version 12.00
# Visual Studio Version 17
VisualStudioVersion = 17.6.33801.468
MinimumVisualStudioVersion = 10.0.40219.1
Project("{FAE04EC0-301F-11D3-BF4B-00C04F79EFBC}") = "TimeSpan", "TimeSpan\TimeSpan.csproj", "{C1DFBCB3-F705-4D90-ACB5-1E65208747F1}"
EndProject
Global
	GlobalSection(SolutionConfigurationPlatforms) = preSolution
		Debug|Any CPU = Debug|Any CPU
		Release|Any CPU = Release|Any CPU
	EndGlobalSection
	GlobalSection(ProjectConfigurationPlatforms) = postSolution
		{C1DFBCB3-F705-4D90-ACB5-1E65208747F1}.Debug|Any CPU.ActiveCfg = Debug|Any CPU
		{C1DFBCB3-F705-4D90-ACB5-1E65208747F1}.Debug|Any CPU.Build.0 = Debug|Any CPU
		{C1DFBCB3-F705-4D90-ACB5-1E65208747F1}.Release|Any CPU.ActiveCfg = Release|Any CPU
		{C1DFBCB3-F705-4D90-ACB5-1E65208747F1}.Release|Any CPU.Build.0 = Release|Any CPU
	EndGlobalSection
	GlobalSection(SolutionProperties) = preSolution
		HideSolutionNode = FALSE
	EndGlobalSection
	GlobalSection(ExtensibilityGlobals) = postSolution
		SolutionGuid = {F9E928F1-1593-4F29-83EE-6B3B3197AAAE}
	EndGlobalSection
EndGlobal
