
Microsoft Visual Studio Solution File, Format Version 12.00
# Visual Studio Version 17
VisualStudioVersion = 17.6.33801.468
MinimumVisualStudioVersion = 10.0.40219.1
Project("{FAE04EC0-301F-11D3-BF4B-00C04F79EFBC}") = "Path", "Path\Path.csproj", "{D123C38E-CD4E-407C-8163-49B3F2A0CD2B}"
EndProject
Global
	GlobalSection(SolutionConfigurationPlatforms) = preSolution
		Debug|Any CPU = Debug|Any CPU
		Release|Any CPU = Release|Any CPU
	EndGlobalSection
	GlobalSection(ProjectConfigurationPlatforms) = postSolution
		{D123C38E-CD4E-407C-8163-49B3F2A0CD2B}.Debug|Any CPU.ActiveCfg = Debug|Any CPU
		{D123C38E-CD4E-407C-8163-49B3F2A0CD2B}.Debug|Any CPU.Build.0 = Debug|Any CPU
		{D123C38E-CD4E-407C-8163-49B3F2A0CD2B}.Release|Any CPU.ActiveCfg = Release|Any CPU
		{D123C38E-CD4E-407C-8163-49B3F2A0CD2B}.Release|Any CPU.Build.0 = Release|Any CPU
	EndGlobalSection
	GlobalSection(SolutionProperties) = preSolution
		HideSolutionNode = FALSE
	EndGlobalSection
	GlobalSection(ExtensibilityGlobals) = postSolution
		SolutionGuid = {A623B2AD-7855-4E82-B5D3-366C0BBEBA2F}
	EndGlobalSection
EndGlobal
