
Microsoft Visual Studio Solution File, Format Version 12.00
# Visual Studio Version 17
VisualStudioVersion = 17.6.33801.468
MinimumVisualStudioVersion = 10.0.40219.1
Project("{FAE04EC0-301F-11D3-BF4B-00C04F79EFBC}") = "ProceduralProgramming", "ProceduralProgramming\ProceduralProgramming.csproj", "{207CE7E2-B1AE-43FA-8653-0E2423163501}"
EndProject
Global
	GlobalSection(SolutionConfigurationPlatforms) = preSolution
		Debug|Any CPU = Debug|Any CPU
		Release|Any CPU = Release|Any CPU
	EndGlobalSection
	GlobalSection(ProjectConfigurationPlatforms) = postSolution
		{207CE7E2-B1AE-43FA-8653-0E2423163501}.Debug|Any CPU.ActiveCfg = Debug|Any CPU
		{207CE7E2-B1AE-43FA-8653-0E2423163501}.Debug|Any CPU.Build.0 = Debug|Any CPU
		{207CE7E2-B1AE-43FA-8653-0E2423163501}.Release|Any CPU.ActiveCfg = Release|Any CPU
		{207CE7E2-B1AE-43FA-8653-0E2423163501}.Release|Any CPU.Build.0 = Release|Any CPU
	EndGlobalSection
	GlobalSection(SolutionProperties) = preSolution
		HideSolutionNode = FALSE
	EndGlobalSection
	GlobalSection(ExtensibilityGlobals) = postSolution
		SolutionGuid = {8B890CC1-1203-4792-B8D9-1AD2F9ECC93D}
	EndGlobalSection
EndGlobal
