
Microsoft Visual Studio Solution File, Format Version 12.00
# Visual Studio Version 17
VisualStudioVersion = 17.6.33801.468
MinimumVisualStudioVersion = 10.0.40219.1
Project("{FAE04EC0-301F-11D3-BF4B-00C04F79EFBC}") = "Lists", "Lists\Lists.csproj", "{BEE73950-1684-4900-B1CF-65090BA60F46}"
EndProject
Global
	GlobalSection(SolutionConfigurationPlatforms) = preSolution
		Debug|Any CPU = Debug|Any CPU
		Release|Any CPU = Release|Any CPU
	EndGlobalSection
	GlobalSection(ProjectConfigurationPlatforms) = postSolution
		{BEE73950-1684-4900-B1CF-65090BA60F46}.Debug|Any CPU.ActiveCfg = Debug|Any CPU
		{BEE73950-1684-4900-B1CF-65090BA60F46}.Debug|Any CPU.Build.0 = Debug|Any CPU
		{BEE73950-1684-4900-B1CF-65090BA60F46}.Release|Any CPU.ActiveCfg = Release|Any CPU
		{BEE73950-1684-4900-B1CF-65090BA60F46}.Release|Any CPU.Build.0 = Release|Any CPU
	EndGlobalSection
	GlobalSection(SolutionProperties) = preSolution
		HideSolutionNode = FALSE
	EndGlobalSection
	GlobalSection(ExtensibilityGlobals) = postSolution
		SolutionGuid = {8E3F33B7-B859-4D5E-A9E4-2550A6FD39A4}
	EndGlobalSection
EndGlobal
