
Microsoft Visual Studio Solution File, Format Version 12.00
# Visual Studio Version 17
VisualStudioVersion = 17.8.34330.188
MinimumVisualStudioVersion = 10.0.40219.1
Project("{FAE04EC0-301F-11D3-BF4B-00C04F79EFBC}") = "TypeConversion", "TypeConversion\TypeConversion.csproj", "{9999FB2D-E7F2-4E48-BC5B-C09BEE730550}"
EndProject
Global
	GlobalSection(SolutionConfigurationPlatforms) = preSolution
		Debug|Any CPU = Debug|Any CPU
		Release|Any CPU = Release|Any CPU
	EndGlobalSection
	GlobalSection(ProjectConfigurationPlatforms) = postSolution
		{9999FB2D-E7F2-4E48-BC5B-C09BEE730550}.Debug|Any CPU.ActiveCfg = Debug|Any CPU
		{9999FB2D-E7F2-4E48-BC5B-C09BEE730550}.Debug|Any CPU.Build.0 = Debug|Any CPU
		{9999FB2D-E7F2-4E48-BC5B-C09BEE730550}.Release|Any CPU.ActiveCfg = Release|Any CPU
		{9999FB2D-E7F2-4E48-BC5B-C09BEE730550}.Release|Any CPU.Build.0 = Release|Any CPU
	EndGlobalSection
	GlobalSection(SolutionProperties) = preSolution
		HideSolutionNode = FALSE
	EndGlobalSection
	GlobalSection(ExtensibilityGlobals) = postSolution
		SolutionGuid = {F23B3E5D-D503-4006-840C-96E8967BA355}
	EndGlobalSection
EndGlobal
